
Microsoft Visual Studio Solution File, Format Version 12.00
# Visual Studio Version 17
VisualStudioVersion = 17.3.32929.385
MinimumVisualStudioVersion = 10.0.40219.1
Project("{9A19103F-16F7-4668-BE54-9A1E7A4F7556}") = "FlagpoleCRM", "FlagpoleCRM\FlagpoleCRM.csproj", "{FB1875D4-66DB-41AC-88DB-749A62B9420D}"
EndProject
Project("{2150E333-8FDC-42A3-9474-1A3956D46DE8}") = "src", "src", "{48264F6E-0C7B-43F7-AF93-9A3D366257BF}"
EndProject
Project("{2150E333-8FDC-42A3-9474-1A3956D46DE8}") = "Hosting", "Hosting", "{DB78F8F4-0FB2-4C1A-BF0E-E09EB0A64DF2}"
EndProject
Project("{2150E333-8FDC-42A3-9474-1A3956D46DE8}") = "Infrastructure", "Infrastructure", "{6D585922-FF2E-4C6B-A2B2-261102CF746D}"
EndProject
Project("{9A19103F-16F7-4668-BE54-9A1E7A4F7556}") = "DataAPI", "DataAPI\DataAPI.csproj", "{E8B18442-E490-4FC5-9FB9-C55D9836EAD9}"
EndProject
Project("{9A19103F-16F7-4668-BE54-9A1E7A4F7556}") = "Common", "Common\Common.csproj", "{116AFD07-24A9-4839-B3F8-4784C24D5CBC}"
EndProject
Project("{9A19103F-16F7-4668-BE54-9A1E7A4F7556}") = "DataServiceLib", "DataServiceLib\DataServiceLib.csproj", "{7B6317CC-1578-43B6-B606-1D1A50CC1CB2}"
EndProject
Project("{2150E333-8FDC-42A3-9474-1A3956D46DE8}") = "Workers", "Workers", "{1E57CCD1-830D-442C-A299-C0940575C42B}"
EndProject
Project("{9A19103F-16F7-4668-BE54-9A1E7A4F7556}") = "SyncData", "SyncData\SyncData.csproj", "{1522C1FA-7A19-4A1E-A79E-A966D559E9F5}"
EndProject
Project("{FAE04EC0-301F-11D3-BF4B-00C04F79EFBC}") = "PushCustomers", "PushCustomer\PushCustomers.csproj", "{8A93A572-C0D2-4989-895B-88EF5BC1C066}"
EndProject
Global
	GlobalSection(SolutionConfigurationPlatforms) = preSolution
		Debug|Any CPU = Debug|Any CPU
		Release|Any CPU = Release|Any CPU
	EndGlobalSection
	GlobalSection(ProjectConfigurationPlatforms) = postSolution
		{FB1875D4-66DB-41AC-88DB-749A62B9420D}.Debug|Any CPU.ActiveCfg = Debug|Any CPU
		{FB1875D4-66DB-41AC-88DB-749A62B9420D}.Debug|Any CPU.Build.0 = Debug|Any CPU
		{FB1875D4-66DB-41AC-88DB-749A62B9420D}.Release|Any CPU.ActiveCfg = Release|Any CPU
		{FB1875D4-66DB-41AC-88DB-749A62B9420D}.Release|Any CPU.Build.0 = Release|Any CPU
		{E8B18442-E490-4FC5-9FB9-C55D9836EAD9}.Debug|Any CPU.ActiveCfg = Debug|Any CPU
		{E8B18442-E490-4FC5-9FB9-C55D9836EAD9}.Debug|Any CPU.Build.0 = Debug|Any CPU
		{E8B18442-E490-4FC5-9FB9-C55D9836EAD9}.Release|Any CPU.ActiveCfg = Release|Any CPU
		{E8B18442-E490-4FC5-9FB9-C55D9836EAD9}.Release|Any CPU.Build.0 = Release|Any CPU
		{116AFD07-24A9-4839-B3F8-4784C24D5CBC}.Debug|Any CPU.ActiveCfg = Debug|Any CPU
		{116AFD07-24A9-4839-B3F8-4784C24D5CBC}.Debug|Any CPU.Build.0 = Debug|Any CPU
		{116AFD07-24A9-4839-B3F8-4784C24D5CBC}.Release|Any CPU.ActiveCfg = Release|Any CPU
		{116AFD07-24A9-4839-B3F8-4784C24D5CBC}.Release|Any CPU.Build.0 = Release|Any CPU
		{7B6317CC-1578-43B6-B606-1D1A50CC1CB2}.Debug|Any CPU.ActiveCfg = Debug|Any CPU
		{7B6317CC-1578-43B6-B606-1D1A50CC1CB2}.Debug|Any CPU.Build.0 = Debug|Any CPU
		{7B6317CC-1578-43B6-B606-1D1A50CC1CB2}.Release|Any CPU.ActiveCfg = Release|Any CPU
		{7B6317CC-1578-43B6-B606-1D1A50CC1CB2}.Release|Any CPU.Build.0 = Release|Any CPU
		{1522C1FA-7A19-4A1E-A79E-A966D559E9F5}.Debug|Any CPU.ActiveCfg = Debug|Any CPU
		{1522C1FA-7A19-4A1E-A79E-A966D559E9F5}.Debug|Any CPU.Build.0 = Debug|Any CPU
		{1522C1FA-7A19-4A1E-A79E-A966D559E9F5}.Release|Any CPU.ActiveCfg = Release|Any CPU
		{1522C1FA-7A19-4A1E-A79E-A966D559E9F5}.Release|Any CPU.Build.0 = Release|Any CPU
		{8A93A572-C0D2-4989-895B-88EF5BC1C066}.Debug|Any CPU.ActiveCfg = Debug|Any CPU
		{8A93A572-C0D2-4989-895B-88EF5BC1C066}.Debug|Any CPU.Build.0 = Debug|Any CPU
		{8A93A572-C0D2-4989-895B-88EF5BC1C066}.Release|Any CPU.ActiveCfg = Release|Any CPU
		{8A93A572-C0D2-4989-895B-88EF5BC1C066}.Release|Any CPU.Build.0 = Release|Any CPU
	EndGlobalSection
	GlobalSection(SolutionProperties) = preSolution
		HideSolutionNode = FALSE
	EndGlobalSection
	GlobalSection(NestedProjects) = preSolution
		{FB1875D4-66DB-41AC-88DB-749A62B9420D} = {DB78F8F4-0FB2-4C1A-BF0E-E09EB0A64DF2}
		{DB78F8F4-0FB2-4C1A-BF0E-E09EB0A64DF2} = {48264F6E-0C7B-43F7-AF93-9A3D366257BF}
		{6D585922-FF2E-4C6B-A2B2-261102CF746D} = {48264F6E-0C7B-43F7-AF93-9A3D366257BF}
		{E8B18442-E490-4FC5-9FB9-C55D9836EAD9} = {DB78F8F4-0FB2-4C1A-BF0E-E09EB0A64DF2}
		{116AFD07-24A9-4839-B3F8-4784C24D5CBC} = {6D585922-FF2E-4C6B-A2B2-261102CF746D}
		{7B6317CC-1578-43B6-B606-1D1A50CC1CB2} = {6D585922-FF2E-4C6B-A2B2-261102CF746D}
		{1E57CCD1-830D-442C-A299-C0940575C42B} = {48264F6E-0C7B-43F7-AF93-9A3D366257BF}
		{1522C1FA-7A19-4A1E-A79E-A966D559E9F5} = {1E57CCD1-830D-442C-A299-C0940575C42B}
		{8A93A572-C0D2-4989-895B-88EF5BC1C066} = {1E57CCD1-830D-442C-A299-C0940575C42B}
	EndGlobalSection
	GlobalSection(ExtensibilityGlobals) = postSolution
		SolutionGuid = {88FDD812-E58C-4849-B13D-D63231082939}
	EndGlobalSection
EndGlobal
